
Microsoft Visual Studio Solution File, Format Version 12.00
# Visual Studio Version 17
VisualStudioVersion = 17.13.35825.156 d17.13
MinimumVisualStudioVersion = 10.0.40219.1
Project("{FAE04EC0-301F-11D3-BF4B-00C04F79EFBC}") = "DPM225470_NguyenNgocTam_Real_02_Builder", "DPM225470_NguyenNgocTam_Real_02_Builder\DPM225470_NguyenNgocTam_Real_02_Builder.csproj", "{2B905004-32CE-4D66-A902-6CFF8426C0D7}"
EndProject
Global
	GlobalSection(SolutionConfigurationPlatforms) = preSolution
		Debug|Any CPU = Debug|Any CPU
		Release|Any CPU = Release|Any CPU
	EndGlobalSection
	GlobalSection(ProjectConfigurationPlatforms) = postSolution
		{2B905004-32CE-4D66-A902-6CFF8426C0D7}.Debug|Any CPU.ActiveCfg = Debug|Any CPU
		{2B905004-32CE-4D66-A902-6CFF8426C0D7}.Debug|Any CPU.Build.0 = Debug|Any CPU
		{2B905004-32CE-4D66-A902-6CFF8426C0D7}.Release|Any CPU.ActiveCfg = Release|Any CPU
		{2B905004-32CE-4D66-A902-6CFF8426C0D7}.Release|Any CPU.Build.0 = Release|Any CPU
	EndGlobalSection
	GlobalSection(SolutionProperties) = preSolution
		HideSolutionNode = FALSE
	EndGlobalSection
	GlobalSection(ExtensibilityGlobals) = postSolution
		SolutionGuid = {6B3B28E3-B039-431E-ABE0-2DFC2D8A45EA}
	EndGlobalSection
EndGlobal
