
Microsoft Visual Studio Solution File, Format Version 12.00
# Visual Studio Version 17
VisualStudioVersion = 17.13.35825.156 d17.13
MinimumVisualStudioVersion = 10.0.40219.1
Project("{FAE04EC0-301F-11D3-BF4B-00C04F79EFBC}") = "DPM225470_NguyenNgocTam_Patterns_21_Strategy", "DPM225470_NguyenNgocTam_Patterns_21_Strategy\DPM225470_NguyenNgocTam_Patterns_21_Strategy.csproj", "{F1776BBC-4911-4320-AA7E-A39BBD7D2F0B}"
EndProject
Global
	GlobalSection(SolutionConfigurationPlatforms) = preSolution
		Debug|Any CPU = Debug|Any CPU
		Release|Any CPU = Release|Any CPU
	EndGlobalSection
	GlobalSection(ProjectConfigurationPlatforms) = postSolution
		{F1776BBC-4911-4320-AA7E-A39BBD7D2F0B}.Debug|Any CPU.ActiveCfg = Debug|Any CPU
		{F1776BBC-4911-4320-AA7E-A39BBD7D2F0B}.Debug|Any CPU.Build.0 = Debug|Any CPU
		{F1776BBC-4911-4320-AA7E-A39BBD7D2F0B}.Release|Any CPU.ActiveCfg = Release|Any CPU
		{F1776BBC-4911-4320-AA7E-A39BBD7D2F0B}.Release|Any CPU.Build.0 = Release|Any CPU
	EndGlobalSection
	GlobalSection(SolutionProperties) = preSolution
		HideSolutionNode = FALSE
	EndGlobalSection
	GlobalSection(ExtensibilityGlobals) = postSolution
		SolutionGuid = {4EAC1085-7179-4630-A9E5-C39E09EFD2CC}
	EndGlobalSection
EndGlobal
