
Microsoft Visual Studio Solution File, Format Version 12.00
# Visual Studio Version 17
VisualStudioVersion = 17.13.35825.156 d17.13
MinimumVisualStudioVersion = 10.0.40219.1
Project("{FAE04EC0-301F-11D3-BF4B-00C04F79EFBC}") = "DPM225470_NguyenNgocTam_Real_19_Observer", "DPM225470_NguyenNgocTam_Real_19_Observer\DPM225470_NguyenNgocTam_Real_19_Observer.csproj", "{590CF987-72EA-485A-A709-E95E43748B1D}"
EndProject
Global
	GlobalSection(SolutionConfigurationPlatforms) = preSolution
		Debug|Any CPU = Debug|Any CPU
		Release|Any CPU = Release|Any CPU
	EndGlobalSection
	GlobalSection(ProjectConfigurationPlatforms) = postSolution
		{590CF987-72EA-485A-A709-E95E43748B1D}.Debug|Any CPU.ActiveCfg = Debug|Any CPU
		{590CF987-72EA-485A-A709-E95E43748B1D}.Debug|Any CPU.Build.0 = Debug|Any CPU
		{590CF987-72EA-485A-A709-E95E43748B1D}.Release|Any CPU.ActiveCfg = Release|Any CPU
		{590CF987-72EA-485A-A709-E95E43748B1D}.Release|Any CPU.Build.0 = Release|Any CPU
	EndGlobalSection
	GlobalSection(SolutionProperties) = preSolution
		HideSolutionNode = FALSE
	EndGlobalSection
	GlobalSection(ExtensibilityGlobals) = postSolution
		SolutionGuid = {1EF6F71D-EB1D-4BFA-9F50-63878DF9C034}
	EndGlobalSection
EndGlobal
